github.com/alexedwards/scs v1.4.1 h1:/5L5a07IlqApODcEfZyMsu8Smd1S7Q4nBjEyKxIRTp0=
github.com/alexedwards/scs/v2 v2.4.0 h1:XfnMamKnvp1muJVNr1WzikQTclopsBXWZtzz0NBjOK0=
github.com/alexedwards/scs/v2 v2.4.0/go.mod h1:ToaROZxyKukJKT/xLcVQAChi5k6+Pn1Gvmdl7h3RRj8=
github.com/davecgh/go-spew v1.1.1/go.mod h1:J7Y8YcW2NihsgmVo/mv3lAwl/skON4iLHjSsI+c5H38=
github.com/flosch/pongo2/v4 v4.0.0 h1:6eZe8NSNxtTTGwXgJqqXiiLEDAj7CvkwiYrZFQRW6cQ=
github.com/flosch/pongo2/v4 v4.0.0/go.mod h1:B5ObFANs/36VwxxlgKpdchIJHMvHB562PW+BWPhwZD8=
github.com/gorilla/csrf v1.7.0 h1:mMPjV5/3Zd460xCavIkppUdvnl5fPXMpv2uz2Zyg7/Y=
github.com/gorilla/csrf v1.7.0/go.mod h1:+a/4tCmqhG6/w4oafeAZ9pEa3/NZOWYVbD9fV0FwIQA=
github.com/gorilla/mux v1.8.0 h1:i40aqfkR1h2SlN9hojwV5ZA91wcXFOvkdNIeFDP5koI=
github.com/gorilla/mux v1.8.0/go.mod h1:DVbg23sWSpFRCP0SfiEN6jmj59UnW/n46BH5rLB71So=
github.com/gorilla/securecookie v1.1.1 h1:miw7JPhV+b/lAHSXz4qd/nN9jRiAFV5FwjeKyCS8BvQ=
github.com/gorilla/securecookie v1.1.1/go.mod h1:ra0sb63/xPlUeL+yeDciTfxMRAA+MP+HVt/4epWDjd4=
github.com/kr/pty v1.1.1/go.mod h1:pFQYn66WHrOpPYNljwOMqo10TkYh1fy3cYio2l3bCsQ=
github.com/kr/text v0.1.0/go.mod h1:4Jbv+DJW3UT/LiOwJeYQe1efqtUx/iVham/4vfdArNI=
github.com/mattn/go-sqlite3 v1.14.3 h1:j7a/xn1U6TKA/PHHxqZuzh64CdtRc7rU9M+AvkOl5bA=
github.com/mattn/go-sqlite3 v1.14.3/go.mod h1:WVKg1VTActs4Qso6iwGbiFih2UIHo0ENGwNd0Lj+XmI=
github.com/niemeyer/pretty v0.0.0-20200227124842-a10e7caefd8e/go.mod h1:zD1mROLANZcx1PVRCS0qkT7pwLkGfwJo4zjcN/Tysno=
github.com/pkg/errors v0.9.1 h1:FEBLx1zS214owpjy7qsBeixbURkuhQAwrK5UwLGTwt4=
github.com/pkg/errors v0.9.1/go.mod h1:bwawxfHBFNV+L2hUp1rHADufV3IMtnDRdf1r5NINEl0=
github.com/pmezard/go-difflib v1.0.0/go.mod h1:iKH77koFhYxTK1pcRnkKkqfTogsbg7gZNVY4sRDYZ/4=
github.com/sirupsen/logrus v1.7.0 h1:ShrD1U9pZB12TX0cVy0DtePoCH97K8EtX+mg7ZARUtM=
github.com/sirupsen/logrus v1.7.0/go.mod h1:yWOB1SBYBC5VeMP7gHvWumXLIWorT60ONWic61uBYv0=
github.com/speps/go-hashids v1.0.0 h1:jdFC07PrExRM4Og5Ev4411Tox75aFpkC77NlmutadNI=
github.com/speps/go-hashids v2.0.0+incompatible h1:kSfxGfESueJKTx0mpER9Y/1XHl+FVQjtCqRyYcviFbw=
github.com/speps/go-hashids v2.0.0+incompatible/go.mod h1:P7hqPzMdnZOfyIk+xrlG1QaSMw+gCBdHKsBDnhpaZvc=
github.com/stretchr/testify v1.2.2/go.mod h1:a8OnRcib4nhh0OaRAV+Yts87kKdq0PP7pXfy6kDkUVs=
golang.org/x/crypto v0.0.0-20190308221718-c2843e01d9a2/go.mod h1:djNgcEr1/C05ACkg1iLfiJU5Ep61QUkGW8qpdssI0+w=
golang.org/x/crypto v0.0.0-20200820211705-5c72a883971a h1:vclmkQCjlDX5OydZ9wv8rBCcS0QyQY66Mpf/7BZbInM=
golang.org/x/crypto v0.0.0-20200820211705-5c72a883971a/go.mod h1:LzIPMQfyMNhhGPhUkYOs5KpL4U8rLKemX1yGLhDgUto=
golang.org/x/net v0.0.0-20190404232315-eb5bcb51f2a3/go.mod h1:t9HGtf8HONx5eT2rtn7q6eTqICYqUVnKs3thJo3Qplg=
golang.org/x/sys v0.0.0-20190215142949-d0b11bdaac8a/go.mod h1:STP8DvDyc/dI5b8T5hshtkjS+E42TnysNCUPdjciGhY=
golang.org/x/sys v0.0.0-20190412213103-97732733099d/go.mod h1:h1NjWce9XRLGQEsW7wpKNCjG9DtNlClVuFLEZdDNbEs=
golang.org/x/sys v0.0.0-20191026070338-33540a1f6037 h1:YyJpGZS1sBuBCzLAR1VEpK193GlqGZbnPFnPV/5Rsb4=
golang.org/x/sys v0.0.0-20191026070338-33540a1f6037/go.mod h1:h1NjWce9XRLGQEsW7wpKNCjG9DtNlClVuFLEZdDNbEs=
golang.org/x/text v0.3.0/go.mod h1:NqM8EUOU14njkJ3fqMW+pc6Ldnwhi/IjpwHt7yyuwOQ=
gopkg.in/check.v1 v1.0.0-20200902074654-038fdea0a05b/go.mod h1:Co6ibVJAznAaIkqp8huTwlJQCZ016jof/cbN4VW5Yz0=
